
Microsoft Visual Studio Solution File, Format Version 12.00
# Visual Studio Version 17
VisualStudioVersion = 17.7.34031.279
MinimumVisualStudioVersion = 10.0.40219.1
Project("{9A19103F-16F7-4668-BE54-9A1E7A4F7556}") = "DayDayLeetCode", "DayDayLeetCode\DayDayLeetCode.csproj", "{ABF59ACF-B9FE-41C2-BD54-F93B718F0601}"
EndProject
Project("{FAE04EC0-301F-11D3-BF4B-00C04F79EFBC}") = "DayDayQuant", "DayDayQuant\DayDayQuant.csproj", "{C8C682F0-BAB4-4B45-9241-61CB5C4049F3}"
EndProject
Global
	GlobalSection(SolutionConfigurationPlatforms) = preSolution
		Debug|Any CPU = Debug|Any CPU
		Release|Any CPU = Release|Any CPU
	EndGlobalSection
	GlobalSection(ProjectConfigurationPlatforms) = postSolution
		{ABF59ACF-B9FE-41C2-BD54-F93B718F0601}.Debug|Any CPU.ActiveCfg = Debug|Any CPU
		{ABF59ACF-B9FE-41C2-BD54-F93B718F0601}.Debug|Any CPU.Build.0 = Debug|Any CPU
		{ABF59ACF-B9FE-41C2-BD54-F93B718F0601}.Release|Any CPU.ActiveCfg = Release|Any CPU
		{ABF59ACF-B9FE-41C2-BD54-F93B718F0601}.Release|Any CPU.Build.0 = Release|Any CPU
		{C8C682F0-BAB4-4B45-9241-61CB5C4049F3}.Debug|Any CPU.ActiveCfg = Debug|Any CPU
		{C8C682F0-BAB4-4B45-9241-61CB5C4049F3}.Debug|Any CPU.Build.0 = Debug|Any CPU
		{C8C682F0-BAB4-4B45-9241-61CB5C4049F3}.Release|Any CPU.ActiveCfg = Release|Any CPU
		{C8C682F0-BAB4-4B45-9241-61CB5C4049F3}.Release|Any CPU.Build.0 = Release|Any CPU
	EndGlobalSection
	GlobalSection(SolutionProperties) = preSolution
		HideSolutionNode = FALSE
	EndGlobalSection
	GlobalSection(ExtensibilityGlobals) = postSolution
		SolutionGuid = {01ECB90E-E07B-472A-9182-5ACF3A24EC70}
	EndGlobalSection
EndGlobal
